
Microsoft Visual Studio Solution File, Format Version 12.00
# Visual Studio Version 17
VisualStudioVersion = 17.1.32210.238
MinimumVisualStudioVersion = 10.0.40219.1
Project("{FAE04EC0-301F-11D3-BF4B-00C04F79EFBC}") = "dbProject", "dbProject\dbProject.csproj", "{1543A14C-8659-461E-8B28-29DBF5F39E8E}"
EndProject
Global
	GlobalSection(SolutionConfigurationPlatforms) = preSolution
		Debug|Any CPU = Debug|Any CPU
		Release|Any CPU = Release|Any CPU
	EndGlobalSection
	GlobalSection(ProjectConfigurationPlatforms) = postSolution
		{1543A14C-8659-461E-8B28-29DBF5F39E8E}.Debug|Any CPU.ActiveCfg = Debug|Any CPU
		{1543A14C-8659-461E-8B28-29DBF5F39E8E}.Debug|Any CPU.Build.0 = Debug|Any CPU
		{1543A14C-8659-461E-8B28-29DBF5F39E8E}.Release|Any CPU.ActiveCfg = Release|Any CPU
		{1543A14C-8659-461E-8B28-29DBF5F39E8E}.Release|Any CPU.Build.0 = Release|Any CPU
	EndGlobalSection
	GlobalSection(SolutionProperties) = preSolution
		HideSolutionNode = FALSE
	EndGlobalSection
	GlobalSection(ExtensibilityGlobals) = postSolution
		SolutionGuid = {5BAD3AA6-26AE-4399-80A1-EF955BD256FB}
	EndGlobalSection
EndGlobal
